
Microsoft Visual Studio Solution File, Format Version 12.00
# Visual Studio Version 17
VisualStudioVersion = 17.5.33530.505
MinimumVisualStudioVersion = 10.0.40219.1
Project("{FAE04EC0-301F-11D3-BF4B-00C04F79EFBC}") = "Weather", "Weather.csproj", "{070B95A3-B04E-4386-B4BC-8A0608DCBD0E}"
EndProject
Global
	GlobalSection(SolutionConfigurationPlatforms) = preSolution
		Debug|Any CPU = Debug|Any CPU
		Release|Any CPU = Release|Any CPU
	EndGlobalSection
	GlobalSection(ProjectConfigurationPlatforms) = postSolution
		{070B95A3-B04E-4386-B4BC-8A0608DCBD0E}.Debug|Any CPU.ActiveCfg = Debug|Any CPU
		{070B95A3-B04E-4386-B4BC-8A0608DCBD0E}.Debug|Any CPU.Build.0 = Debug|Any CPU
		{070B95A3-B04E-4386-B4BC-8A0608DCBD0E}.Release|Any CPU.ActiveCfg = Release|Any CPU
		{070B95A3-B04E-4386-B4BC-8A0608DCBD0E}.Release|Any CPU.Build.0 = Release|Any CPU
	EndGlobalSection
	GlobalSection(SolutionProperties) = preSolution
		HideSolutionNode = FALSE
	EndGlobalSection
	GlobalSection(ExtensibilityGlobals) = postSolution
		SolutionGuid = {79EF2D00-0E01-46CF-8D65-61313552E207}
	EndGlobalSection
EndGlobal
